<?xml version="1.0" encoding="utf-8"?>
<Project ToolsVersion="4.0" xmlns="http://schemas.microsoft.com/developer/msbuild/2003">
  <ItemGroup>
    <Filter Include="源文件">
      <UniqueIdentifier>{4FC737F1-C7A5-4376-A066-2A32D752A2FF}</UniqueIdentifier>
      <Extensions>cpp;c;cc;cxx;c++;cppm;ixx;def;odl;idl;hpj;bat;asm;asmx</Extensions>
    </Filter>
    <Filter Include="头文件">
      <UniqueIdentifier>{93995380-89BD-4b04-88EB-625FBE52EBFB}</UniqueIdentifier>
      <Extensions>h;hh;hpp;hxx;h++;hm;inl;inc;ipp;xsd</Extensions>
    </Filter>
    <Filter Include="资源文件">
      <UniqueIdentifier>{67DA6AB6-F800-4c08-8B7A-83BB121AAD01}</UniqueIdentifier>
      <Extensions>rc;ico;cur;bmp;dlg;rc2;rct;bin;rgs;gif;jpg;jpeg;jpe;resx;tiff;tif;png;wav;mfcribbon-ms</Extensions>
    </Filter>
  </ItemGroup>
  <ItemGroup>
    <ClInclude Include="CapNetGUI.h">
      <Filter>头文件</Filter>
    </ClInclude>
    <ClInclude Include="CapNetGUIDlg.h">
      <Filter>头文件</Filter>
    </ClInclude>
    <ClInclude Include="Resource.h">
      <Filter>头文件</Filter>
    </ClInclude>
    <ClInclude Include="CapNetUtils.h">
      <Filter>头文件</Filter>
    </ClInclude>
    <ClInclude Include="targetver.h">
      <Filter>头文件</Filter>
    </ClInclude>
    <ClInclude Include="CapNetPackPool.h">
      <Filter>头文件</Filter>
    </ClInclude>
    <ClInclude Include="CapNetCommon.h">
      <Filter>头文件</Filter>
    </ClInclude>
    <ClInclude Include="CapNetDevSelector.h">
      <Filter>头文件</Filter>
    </ClInclude>
    <ClInclude Include="CapNetRuleEdit.h">
      <Filter>头文件</Filter>
    </ClInclude>
    <ClInclude Include="CapNetListenButton.h">
      <Filter>头文件</Filter>
    </ClInclude>
    <ClInclude Include="CapNetInfo.h">
      <Filter>头文件</Filter>
    </ClInclude>
    <ClInclude Include="CapNetStream.h">
      <Filter>头文件</Filter>
    </ClInclude>
    <ClInclude Include="CapNetAboutDlg.h">
      <Filter>头文件</Filter>
    </ClInclude>
    <ClInclude Include="CapNetDetailDlg.h">
      <Filter>头文件</Filter>
    </ClInclude>
    <ClInclude Include="CapNetDetailRawDataPool.h">
      <Filter>头文件</Filter>
    </ClInclude>
    <ClInclude Include="CapNetDetailStringData.h">
      <Filter>头文件</Filter>
    </ClInclude>
  </ItemGroup>
  <ItemGroup>
    <ClCompile Include="CapNetGUI.cpp">
      <Filter>源文件</Filter>
    </ClCompile>
    <ClCompile Include="CapNetGUIDlg.cpp">
      <Filter>源文件</Filter>
    </ClCompile>
    <ClCompile Include="CapNetUtils.cpp">
      <Filter>源文件</Filter>
    </ClCompile>
    <ClCompile Include="CapNetPackPool.cpp">
      <Filter>源文件</Filter>
    </ClCompile>
    <ClCompile Include="CapNetDevSelector.cpp">
      <Filter>源文件</Filter>
    </ClCompile>
    <ClCompile Include="CapNetRuleEdit.cpp">
      <Filter>源文件</Filter>
    </ClCompile>
    <ClCompile Include="CapNetListenButton.cpp">
      <Filter>源文件</Filter>
    </ClCompile>
    <ClCompile Include="CapNetInfo.cpp">
      <Filter>源文件</Filter>
    </ClCompile>
    <ClCompile Include="CapNetStream.cpp">
      <Filter>源文件</Filter>
    </ClCompile>
    <ClCompile Include="CapNetAboutDlg.cpp">
      <Filter>源文件</Filter>
    </ClCompile>
    <ClCompile Include="CapNetDetailDlg.cpp">
      <Filter>源文件</Filter>
    </ClCompile>
    <ClCompile Include="CapNetDetailRawDataPool.cpp">
      <Filter>源文件</Filter>
    </ClCompile>
    <ClCompile Include="CapNetDetailStringData.cpp">
      <Filter>源文件</Filter>
    </ClCompile>
  </ItemGroup>
  <ItemGroup>
    <ResourceCompile Include="CapNetGUI.rc">
      <Filter>资源文件</Filter>
    </ResourceCompile>
  </ItemGroup>
  <ItemGroup>
    <None Include="res\CapNetGUI.rc2">
      <Filter>资源文件</Filter>
    </None>
  </ItemGroup>
  <ItemGroup>
    <Image Include="res\CapNetGui.ico">
      <Filter>资源文件</Filter>
    </Image>
  </ItemGroup>
</Project>